// !$*UTF8*$!
{
	archiveVersion = 1;
	classes = {
	};
	objectVersion = 56;
	objects = {

/* Begin PBXBuildFile section */
		356DAD662BF4FFC7008ECFB7 /* Expense_TrackerApp.swift in Sources */ = {isa = PBXBuildFile; fileRef = 356DAD652BF4FFC7008ECFB7 /* Expense_TrackerApp.swift */; };
		356DAD682BF4FFC7008ECFB7 /* ContentView.swift in Sources */ = {isa = PBXBuildFile; fileRef = 356DAD672BF4FFC7008ECFB7 /* ContentView.swift */; };
		356DAD6A2BF4FFC9008ECFB7 /* Assets.xcassets in Resources */ = {isa = PBXBuildFile; fileRef = 356DAD692BF4FFC9008ECFB7 /* Assets.xcassets */; };
		356DAD6D2BF4FFC9008ECFB7 /* Preview Assets.xcassets in Resources */ = {isa = PBXBuildFile; fileRef = 356DAD6C2BF4FFC9008ECFB7 /* Preview Assets.xcassets */; };
		356DAD772BF4FFCA008ECFB7 /* Expense_TrackerTests.swift in Sources */ = {isa = PBXBuildFile; fileRef = 356DAD762BF4FFCA008ECFB7 /* Expense_TrackerTests.swift */; };
		356DAD812BF4FFCA008ECFB7 /* Expense_TrackerUITests.swift in Sources */ = {isa = PBXBuildFile; fileRef = 356DAD802BF4FFCA008ECFB7 /* Expense_TrackerUITests.swift */; };
		356DAD832BF4FFCA008ECFB7 /* Expense_TrackerUITestsLaunchTests.swift in Sources */ = {isa = PBXBuildFile; fileRef = 356DAD822BF4FFCA008ECFB7 /* Expense_TrackerUITestsLaunchTests.swift */; };
		356DAD922BF50348008ECFB7 /* IntroScreen.swift in Sources */ = {isa = PBXBuildFile; fileRef = 356DAD912BF50348008ECFB7 /* IntroScreen.swift */; };
		356DAD952BF50524008ECFB7 /* Constants.swift in Sources */ = {isa = PBXBuildFile; fileRef = 356DAD942BF50524008ECFB7 /* Constants.swift */; };
		356DAD972BF50923008ECFB7 /* Tab.swift in Sources */ = {isa = PBXBuildFile; fileRef = 356DAD962BF50923008ECFB7 /* Tab.swift */; };
		356DAD992BF50F9B008ECFB7 /* Category.swift in Sources */ = {isa = PBXBuildFile; fileRef = 356DAD982BF50F9B008ECFB7 /* Category.swift */; };
		356DAD9B2BF50FE4008ECFB7 /* Transaction.swift in Sources */ = {isa = PBXBuildFile; fileRef = 356DAD9A2BF50FE4008ECFB7 /* Transaction.swift */; };
		356DAD9D2BF510A1008ECFB7 /* TintColor.swift in Sources */ = {isa = PBXBuildFile; fileRef = 356DAD9C2BF510A1008ECFB7 /* TintColor.swift */; };
		356DAD9F2BF51329008ECFB7 /* Recents.swift in Sources */ = {isa = PBXBuildFile; fileRef = 356DAD9E2BF51329008ECFB7 /* Recents.swift */; };
		356DADA12BF51334008ECFB7 /* Graphs.swift in Sources */ = {isa = PBXBuildFile; fileRef = 356DADA02BF51334008ECFB7 /* Graphs.swift */; };
		356DADA32BF51342008ECFB7 /* Search.swift in Sources */ = {isa = PBXBuildFile; fileRef = 356DADA22BF51342008ECFB7 /* Search.swift */; };
		356DADA52BF51351008ECFB7 /* Settings.swift in Sources */ = {isa = PBXBuildFile; fileRef = 356DADA42BF51351008ECFB7 /* Settings.swift */; };
		356DADA72BFCB0B5008ECFB7 /* View+Extensions.swift in Sources */ = {isa = PBXBuildFile; fileRef = 356DADA62BFCB0B5008ECFB7 /* View+Extensions.swift */; };
		356DADA92BFCBBCE008ECFB7 /* Date+Extensions.swift in Sources */ = {isa = PBXBuildFile; fileRef = 356DADA82BFCBBCE008ECFB7 /* Date+Extensions.swift */; };
		356DADAB2BFCC2BD008ECFB7 /* CardView.swift in Sources */ = {isa = PBXBuildFile; fileRef = 356DADAA2BFCC2BD008ECFB7 /* CardView.swift */; };
		356DADAD2BFCCF68008ECFB7 /* TransactionCardView.swift in Sources */ = {isa = PBXBuildFile; fileRef = 356DADAC2BFCCF68008ECFB7 /* TransactionCardView.swift */; };
		356DADB12BFCFE27008ECFB7 /* SwipeAction.swift in Sources */ = {isa = PBXBuildFile; fileRef = 356DADB02BFCFE27008ECFB7 /* SwipeAction.swift */; };
		356DADB32BFD31F6008ECFB7 /* DateFilterView.swift in Sources */ = {isa = PBXBuildFile; fileRef = 356DADB22BFD31F6008ECFB7 /* DateFilterView.swift */; };
		356DADB52BFF94FB008ECFB7 /* LockView.swift in Sources */ = {isa = PBXBuildFile; fileRef = 356DADB42BFF94FB008ECFB7 /* LockView.swift */; };
		356DADB72BFFB3B2008ECFB7 /* NewExpenseView.swift in Sources */ = {isa = PBXBuildFile; fileRef = 356DADB62BFFB3B2008ECFB7 /* NewExpenseView.swift */; };
/* End PBXBuildFile section */

/* Begin PBXContainerItemProxy section */
		356DAD732BF4FFCA008ECFB7 /* PBXContainerItemProxy */ = {
			isa = PBXContainerItemProxy;
			containerPortal = 356DAD5A2BF4FFC7008ECFB7 /* Project object */;
			proxyType = 1;
			remoteGlobalIDString = 356DAD612BF4FFC7008ECFB7;
			remoteInfo = "Expense Tracker";
		};
		356DAD7D2BF4FFCA008ECFB7 /* PBXContainerItemProxy */ = {
			isa = PBXContainerItemProxy;
			containerPortal = 356DAD5A2BF4FFC7008ECFB7 /* Project object */;
			proxyType = 1;
			remoteGlobalIDString = 356DAD612BF4FFC7008ECFB7;
			remoteInfo = "Expense Tracker";
		};
/* End PBXContainerItemProxy section */

/* Begin PBXFileReference section */
		356DAD622BF4FFC7008ECFB7 /* Expense Tracker.app */ = {isa = PBXFileReference; explicitFileType = wrapper.application; includeInIndex = 0; path = "Expense Tracker.app"; sourceTree = BUILT_PRODUCTS_DIR; };
		356DAD652BF4FFC7008ECFB7 /* Expense_TrackerApp.swift */ = {isa = PBXFileReference; lastKnownFileType = sourcecode.swift; path = Expense_TrackerApp.swift; sourceTree = "<group>"; };
		356DAD672BF4FFC7008ECFB7 /* ContentView.swift */ = {isa = PBXFileReference; lastKnownFileType = sourcecode.swift; path = ContentView.swift; sourceTree = "<group>"; };
		356DAD692BF4FFC9008ECFB7 /* Assets.xcassets */ = {isa = PBXFileReference; lastKnownFileType = folder.assetcatalog; path = Assets.xcassets; sourceTree = "<group>"; };
		356DAD6C2BF4FFC9008ECFB7 /* Preview Assets.xcassets */ = {isa = PBXFileReference; lastKnownFileType = folder.assetcatalog; path = "Preview Assets.xcassets"; sourceTree = "<group>"; };
		356DAD722BF4FFCA008ECFB7 /* Expense TrackerTests.xctest */ = {isa = PBXFileReference; explicitFileType = wrapper.cfbundle; includeInIndex = 0; path = "Expense TrackerTests.xctest"; sourceTree = BUILT_PRODUCTS_DIR; };
		356DAD762BF4FFCA008ECFB7 /* Expense_TrackerTests.swift */ = {isa = PBXFileReference; lastKnownFileType = sourcecode.swift; path = Expense_TrackerTests.swift; sourceTree = "<group>"; };
		356DAD7C2BF4FFCA008ECFB7 /* Expense TrackerUITests.xctest */ = {isa = PBXFileReference; explicitFileType = wrapper.cfbundle; includeInIndex = 0; path = "Expense TrackerUITests.xctest"; sourceTree = BUILT_PRODUCTS_DIR; };
		356DAD802BF4FFCA008ECFB7 /* Expense_TrackerUITests.swift */ = {isa = PBXFileReference; lastKnownFileType = sourcecode.swift; path = Expense_TrackerUITests.swift; sourceTree = "<group>"; };
		356DAD822BF4FFCA008ECFB7 /* Expense_TrackerUITestsLaunchTests.swift */ = {isa = PBXFileReference; lastKnownFileType = sourcecode.swift; path = Expense_TrackerUITestsLaunchTests.swift; sourceTree = "<group>"; };
		356DAD912BF50348008ECFB7 /* IntroScreen.swift */ = {isa = PBXFileReference; lastKnownFileType = sourcecode.swift; path = IntroScreen.swift; sourceTree = "<group>"; };
		356DAD942BF50524008ECFB7 /* Constants.swift */ = {isa = PBXFileReference; lastKnownFileType = sourcecode.swift; path = Constants.swift; sourceTree = "<group>"; };
		356DAD962BF50923008ECFB7 /* Tab.swift */ = {isa = PBXFileReference; lastKnownFileType = sourcecode.swift; path = Tab.swift; sourceTree = "<group>"; };
		356DAD982BF50F9B008ECFB7 /* Category.swift */ = {isa = PBXFileReference; lastKnownFileType = sourcecode.swift; path = Category.swift; sourceTree = "<group>"; };
		356DAD9A2BF50FE4008ECFB7 /* Transaction.swift */ = {isa = PBXFileReference; lastKnownFileType = sourcecode.swift; path = Transaction.swift; sourceTree = "<group>"; };
		356DAD9C2BF510A1008ECFB7 /* TintColor.swift */ = {isa = PBXFileReference; lastKnownFileType = sourcecode.swift; path = TintColor.swift; sourceTree = "<group>"; };
		356DAD9E2BF51329008ECFB7 /* Recents.swift */ = {isa = PBXFileReference; lastKnownFileType = sourcecode.swift; path = Recents.swift; sourceTree = "<group>"; };
		356DADA02BF51334008ECFB7 /* Graphs.swift */ = {isa = PBXFileReference; lastKnownFileType = sourcecode.swift; path = Graphs.swift; sourceTree = "<group>"; };
		356DADA22BF51342008ECFB7 /* Search.swift */ = {isa = PBXFileReference; lastKnownFileType = sourcecode.swift; path = Search.swift; sourceTree = "<group>"; };
		356DADA42BF51351008ECFB7 /* Settings.swift */ = {isa = PBXFileReference; lastKnownFileType = sourcecode.swift; path = Settings.swift; sourceTree = "<group>"; };
		356DADA62BFCB0B5008ECFB7 /* View+Extensions.swift */ = {isa = PBXFileReference; lastKnownFileType = sourcecode.swift; path = "View+Extensions.swift"; sourceTree = "<group>"; };
		356DADA82BFCBBCE008ECFB7 /* Date+Extensions.swift */ = {isa = PBXFileReference; lastKnownFileType = sourcecode.swift; path = "Date+Extensions.swift"; sourceTree = "<group>"; };
		356DADAA2BFCC2BD008ECFB7 /* CardView.swift */ = {isa = PBXFileReference; lastKnownFileType = sourcecode.swift; path = CardView.swift; sourceTree = "<group>"; };
		356DADAC2BFCCF68008ECFB7 /* TransactionCardView.swift */ = {isa = PBXFileReference; lastKnownFileType = sourcecode.swift; path = TransactionCardView.swift; sourceTree = "<group>"; };
		356DADB02BFCFE27008ECFB7 /* SwipeAction.swift */ = {isa = PBXFileReference; lastKnownFileType = sourcecode.swift; path = SwipeAction.swift; sourceTree = "<group>"; };
		356DADB22BFD31F6008ECFB7 /* DateFilterView.swift */ = {isa = PBXFileReference; lastKnownFileType = sourcecode.swift; path = DateFilterView.swift; sourceTree = "<group>"; };
		356DADB42BFF94FB008ECFB7 /* LockView.swift */ = {isa = PBXFileReference; lastKnownFileType = sourcecode.swift; path = LockView.swift; sourceTree = "<group>"; };
		356DADB62BFFB3B2008ECFB7 /* NewExpenseView.swift */ = {isa = PBXFileReference; lastKnownFileType = sourcecode.swift; path = NewExpenseView.swift; sourceTree = "<group>"; };
/* End PBXFileReference section */

/* Begin PBXFrameworksBuildPhase section */
		356DAD5F2BF4FFC7008ECFB7 /* Frameworks */ = {
			isa = PBXFrameworksBuildPhase;
			buildActionMask = 2147483647;
			files = (
			);
			runOnlyForDeploymentPostprocessing = 0;
		};
		356DAD6F2BF4FFCA008ECFB7 /* Frameworks */ = {
			isa = PBXFrameworksBuildPhase;
			buildActionMask = 2147483647;
			files = (
			);
			runOnlyForDeploymentPostprocessing = 0;
		};
		356DAD792BF4FFCA008ECFB7 /* Frameworks */ = {
			isa = PBXFrameworksBuildPhase;
			buildActionMask = 2147483647;
			files = (
			);
			runOnlyForDeploymentPostprocessing = 0;
		};
/* End PBXFrameworksBuildPhase section */

/* Begin PBXGroup section */
		356DAD592BF4FFC7008ECFB7 = {
			isa = PBXGroup;
			children = (
				356DAD642BF4FFC7008ECFB7 /* Expense Tracker */,
				356DAD752BF4FFCA008ECFB7 /* Expense TrackerTests */,
				356DAD7F2BF4FFCA008ECFB7 /* Expense TrackerUITests */,
				356DAD632BF4FFC7008ECFB7 /* Products */,
			);
			sourceTree = "<group>";
		};
		356DAD632BF4FFC7008ECFB7 /* Products */ = {
			isa = PBXGroup;
			children = (
				356DAD622BF4FFC7008ECFB7 /* Expense Tracker.app */,
				356DAD722BF4FFCA008ECFB7 /* Expense TrackerTests.xctest */,
				356DAD7C2BF4FFCA008ECFB7 /* Expense TrackerUITests.xctest */,
			);
			name = Products;
			sourceTree = "<group>";
		};
		356DAD642BF4FFC7008ECFB7 /* Expense Tracker */ = {
			isa = PBXGroup;
			children = (
				356DAD932BF50516008ECFB7 /* Helpers */,
				356DAD902BF50335008ECFB7 /* View */,
				356DAD8F2BF5032B008ECFB7 /* Model */,
				356DAD652BF4FFC7008ECFB7 /* Expense_TrackerApp.swift */,
				356DAD672BF4FFC7008ECFB7 /* ContentView.swift */,
				356DAD692BF4FFC9008ECFB7 /* Assets.xcassets */,
				356DAD6B2BF4FFC9008ECFB7 /* Preview Content */,
			);
			path = "Expense Tracker";
			sourceTree = "<group>";
		};
		356DAD6B2BF4FFC9008ECFB7 /* Preview Content */ = {
			isa = PBXGroup;
			children = (
				356DAD6C2BF4FFC9008ECFB7 /* Preview Assets.xcassets */,
			);
			path = "Preview Content";
			sourceTree = "<group>";
		};
		356DAD752BF4FFCA008ECFB7 /* Expense TrackerTests */ = {
			isa = PBXGroup;
			children = (
				356DAD762BF4FFCA008ECFB7 /* Expense_TrackerTests.swift */,
			);
			path = "Expense TrackerTests";
			sourceTree = "<group>";
		};
		356DAD7F2BF4FFCA008ECFB7 /* Expense TrackerUITests */ = {
			isa = PBXGroup;
			children = (
				356DAD802BF4FFCA008ECFB7 /* Expense_TrackerUITests.swift */,
				356DAD822BF4FFCA008ECFB7 /* Expense_TrackerUITestsLaunchTests.swift */,
			);
			path = "Expense TrackerUITests";
			sourceTree = "<group>";
		};
		356DAD8F2BF5032B008ECFB7 /* Model */ = {
			isa = PBXGroup;
			children = (
				356DAD962BF50923008ECFB7 /* Tab.swift */,
				356DAD982BF50F9B008ECFB7 /* Category.swift */,
				356DAD9A2BF50FE4008ECFB7 /* Transaction.swift */,
				356DAD9C2BF510A1008ECFB7 /* TintColor.swift */,
			);
			path = Model;
			sourceTree = "<group>";
		};
		356DAD902BF50335008ECFB7 /* View */ = {
			isa = PBXGroup;
			children = (
				356DAD912BF50348008ECFB7 /* IntroScreen.swift */,
				356DAD9E2BF51329008ECFB7 /* Recents.swift */,
				356DADA02BF51334008ECFB7 /* Graphs.swift */,
				356DADA22BF51342008ECFB7 /* Search.swift */,
				356DADA42BF51351008ECFB7 /* Settings.swift */,
				356DADAF2BFCFDF6008ECFB7 /* Helpers */,
				356DADB62BFFB3B2008ECFB7 /* NewExpenseView.swift */,
			);
			path = View;
			sourceTree = "<group>";
		};
		356DAD932BF50516008ECFB7 /* Helpers */ = {
			isa = PBXGroup;
			children = (
				356DAD942BF50524008ECFB7 /* Constants.swift */,
				356DADA62BFCB0B5008ECFB7 /* View+Extensions.swift */,
				356DADA82BFCBBCE008ECFB7 /* Date+Extensions.swift */,
				356DADB42BFF94FB008ECFB7 /* LockView.swift */,
			);
			path = Helpers;
			sourceTree = "<group>";
		};
		356DADAF2BFCFDF6008ECFB7 /* Helpers */ = {
			isa = PBXGroup;
			children = (
				356DADAA2BFCC2BD008ECFB7 /* CardView.swift */,
				356DADAC2BFCCF68008ECFB7 /* TransactionCardView.swift */,
				356DADB02BFCFE27008ECFB7 /* SwipeAction.swift */,
				356DADB22BFD31F6008ECFB7 /* DateFilterView.swift */,
			);
			path = Helpers;
			sourceTree = "<group>";
		};
/* End PBXGroup section */

/* Begin PBXNativeTarget section */
		356DAD612BF4FFC7008ECFB7 /* Expense Tracker */ = {
			isa = PBXNativeTarget;
			buildConfigurationList = 356DAD862BF4FFCA008ECFB7 /* Build configuration list for PBXNativeTarget "Expense Tracker" */;
			buildPhases = (
				356DAD5E2BF4FFC7008ECFB7 /* Sources */,
				356DAD5F2BF4FFC7008ECFB7 /* Frameworks */,
				356DAD602BF4FFC7008ECFB7 /* Resources */,
			);
			buildRules = (
			);
			dependencies = (
			);
			name = "Expense Tracker";
			productName = "Expense Tracker";
			productReference = 356DAD622BF4FFC7008ECFB7 /* Expense Tracker.app */;
			productType = "com.apple.product-type.application";
		};
		356DAD712BF4FFCA008ECFB7 /* Expense TrackerTests */ = {
			isa = PBXNativeTarget;
			buildConfigurationList = 356DAD892BF4FFCA008ECFB7 /* Build configuration list for PBXNativeTarget "Expense TrackerTests" */;
			buildPhases = (
				356DAD6E2BF4FFCA008ECFB7 /* Sources */,
				356DAD6F2BF4FFCA008ECFB7 /* Frameworks */,
				356DAD702BF4FFCA008ECFB7 /* Resources */,
			);
			buildRules = (
			);
			dependencies = (
				356DAD742BF4FFCA008ECFB7 /* PBXTargetDependency */,
			);
			name = "Expense TrackerTests";
			productName = "Expense TrackerTests";
			productReference = 356DAD722BF4FFCA008ECFB7 /* Expense TrackerTests.xctest */;
			productType = "com.apple.product-type.bundle.unit-test";
		};
		356DAD7B2BF4FFCA008ECFB7 /* Expense TrackerUITests */ = {
			isa = PBXNativeTarget;
			buildConfigurationList = 356DAD8C2BF4FFCA008ECFB7 /* Build configuration list for PBXNativeTarget "Expense TrackerUITests" */;
			buildPhases = (
				356DAD782BF4FFCA008ECFB7 /* Sources */,
				356DAD792BF4FFCA008ECFB7 /* Frameworks */,
				356DAD7A2BF4FFCA008ECFB7 /* Resources */,
			);
			buildRules = (
			);
			dependencies = (
				356DAD7E2BF4FFCA008ECFB7 /* PBXTargetDependency */,
			);
			name = "Expense TrackerUITests";
			productName = "Expense TrackerUITests";
			productReference = 356DAD7C2BF4FFCA008ECFB7 /* Expense TrackerUITests.xctest */;
			productType = "com.apple.product-type.bundle.ui-testing";
		};
/* End PBXNativeTarget section */

/* Begin PBXProject section */
		356DAD5A2BF4FFC7008ECFB7 /* Project object */ = {
			isa = PBXProject;
			attributes = {
				BuildIndependentTargetsInParallel = 1;
				LastSwiftUpdateCheck = 1540;
				LastUpgradeCheck = 1540;
				TargetAttributes = {
					356DAD612BF4FFC7008ECFB7 = {
						CreatedOnToolsVersion = 15.4;
					};
					356DAD712BF4FFCA008ECFB7 = {
						CreatedOnToolsVersion = 15.4;
						TestTargetID = 356DAD612BF4FFC7008ECFB7;
					};
					356DAD7B2BF4FFCA008ECFB7 = {
						CreatedOnToolsVersion = 15.4;
						TestTargetID = 356DAD612BF4FFC7008ECFB7;
					};
				};
			};
			buildConfigurationList = 356DAD5D2BF4FFC7008ECFB7 /* Build configuration list for PBXProject "Expense Tracker" */;
			compatibilityVersion = "Xcode 14.0";
			developmentRegion = en;
			hasScannedForEncodings = 0;
			knownRegions = (
				en,
				Base,
			);
			mainGroup = 356DAD592BF4FFC7008ECFB7;
			productRefGroup = 356DAD632BF4FFC7008ECFB7 /* Products */;
			projectDirPath = "";
			projectRoot = "";
			targets = (
				356DAD612BF4FFC7008ECFB7 /* Expense Tracker */,
				356DAD712BF4FFCA008ECFB7 /* Expense TrackerTests */,
				356DAD7B2BF4FFCA008ECFB7 /* Expense TrackerUITests */,
			);
		};
/* End PBXProject section */

/* Begin PBXResourcesBuildPhase section */
		356DAD602BF4FFC7008ECFB7 /* Resources */ = {
			isa = PBXResourcesBuildPhase;
			buildActionMask = 2147483647;
			files = (
				356DAD6D2BF4FFC9008ECFB7 /* Preview Assets.xcassets in Resources */,
				356DAD6A2BF4FFC9008ECFB7 /* Assets.xcassets in Resources */,
			);
			runOnlyForDeploymentPostprocessing = 0;
		};
		356DAD702BF4FFCA008ECFB7 /* Resources */ = {
			isa = PBXResourcesBuildPhase;
			buildActionMask = 2147483647;
			files = (
			);
			runOnlyForDeploymentPostprocessing = 0;
		};
		356DAD7A2BF4FFCA008ECFB7 /* Resources */ = {
			isa = PBXResourcesBuildPhase;
			buildActionMask = 2147483647;
			files = (
			);
			runOnlyForDeploymentPostprocessing = 0;
		};
/* End PBXResourcesBuildPhase section */

/* Begin PBXSourcesBuildPhase section */
		356DAD5E2BF4FFC7008ECFB7 /* Sources */ = {
			isa = PBXSourcesBuildPhase;
			buildActionMask = 2147483647;
			files = (
				356DADA32BF51342008ECFB7 /* Search.swift in Sources */,
				356DAD9D2BF510A1008ECFB7 /* TintColor.swift in Sources */,
				356DADB32BFD31F6008ECFB7 /* DateFilterView.swift in Sources */,
				356DAD9F2BF51329008ECFB7 /* Recents.swift in Sources */,
				356DADA12BF51334008ECFB7 /* Graphs.swift in Sources */,
				356DADAB2BFCC2BD008ECFB7 /* CardView.swift in Sources */,
				356DADB12BFCFE27008ECFB7 /* SwipeAction.swift in Sources */,
				356DAD9B2BF50FE4008ECFB7 /* Transaction.swift in Sources */,
				356DADB72BFFB3B2008ECFB7 /* NewExpenseView.swift in Sources */,
				356DAD682BF4FFC7008ECFB7 /* ContentView.swift in Sources */,
				356DADA52BF51351008ECFB7 /* Settings.swift in Sources */,
				356DAD922BF50348008ECFB7 /* IntroScreen.swift in Sources */,
				356DAD972BF50923008ECFB7 /* Tab.swift in Sources */,
				356DADA92BFCBBCE008ECFB7 /* Date+Extensions.swift in Sources */,
				356DADA72BFCB0B5008ECFB7 /* View+Extensions.swift in Sources */,
				356DADB52BFF94FB008ECFB7 /* LockView.swift in Sources */,
				356DAD662BF4FFC7008ECFB7 /* Expense_TrackerApp.swift in Sources */,
				356DAD952BF50524008ECFB7 /* Constants.swift in Sources */,
				356DAD992BF50F9B008ECFB7 /* Category.swift in Sources */,
				356DADAD2BFCCF68008ECFB7 /* TransactionCardView.swift in Sources */,
			);
			runOnlyForDeploymentPostprocessing = 0;
		};
		356DAD6E2BF4FFCA008ECFB7 /* Sources */ = {
			isa = PBXSourcesBuildPhase;
			buildActionMask = 2147483647;
			files = (
				356DAD772BF4FFCA008ECFB7 /* Expense_TrackerTests.swift in Sources */,
			);
			runOnlyForDeploymentPostprocessing = 0;
		};
		356DAD782BF4FFCA008ECFB7 /* Sources */ = {
			isa = PBXSourcesBuildPhase;
			buildActionMask = 2147483647;
			files = (
				356DAD832BF4FFCA008ECFB7 /* Expense_TrackerUITestsLaunchTests.swift in Sources */,
				356DAD812BF4FFCA008ECFB7 /* Expense_TrackerUITests.swift in Sources */,
			);
			runOnlyForDeploymentPostprocessing = 0;
		};
/* End PBXSourcesBuildPhase section */

/* Begin PBXTargetDependency section */
		356DAD742BF4FFCA008ECFB7 /* PBXTargetDependency */ = {
			isa = PBXTargetDependency;
			target = 356DAD612BF4FFC7008ECFB7 /* Expense Tracker */;
			targetProxy = 356DAD732BF4FFCA008ECFB7 /* PBXContainerItemProxy */;
		};
		356DAD7E2BF4FFCA008ECFB7 /* PBXTargetDependency */ = {
			isa = PBXTargetDependency;
			target = 356DAD612BF4FFC7008ECFB7 /* Expense Tracker */;
			targetProxy = 356DAD7D2BF4FFCA008ECFB7 /* PBXContainerItemProxy */;
		};
/* End PBXTargetDependency section */

/* Begin XCBuildConfiguration section */
		356DAD842BF4FFCA008ECFB7 /* Debug */ = {
			isa = XCBuildConfiguration;
			buildSettings = {
				ALWAYS_SEARCH_USER_PATHS = NO;
				ASSETCATALOG_COMPILER_GENERATE_SWIFT_ASSET_SYMBOL_EXTENSIONS = YES;
				CLANG_ANALYZER_NONNULL = YES;
				CLANG_ANALYZER_NUMBER_OBJECT_CONVERSION = YES_AGGRESSIVE;
				CLANG_CXX_LANGUAGE_STANDARD = "gnu++20";
				CLANG_ENABLE_MODULES = YES;
				CLANG_ENABLE_OBJC_ARC = YES;
				CLANG_ENABLE_OBJC_WEAK = YES;
				CLANG_WARN_BLOCK_CAPTURE_AUTORELEASING = YES;
				CLANG_WARN_BOOL_CONVERSION = YES;
				CLANG_WARN_COMMA = YES;
				CLANG_WARN_CONSTANT_CONVERSION = YES;
				CLANG_WARN_DEPRECATED_OBJC_IMPLEMENTATIONS = YES;
				CLANG_WARN_DIRECT_OBJC_ISA_USAGE = YES_ERROR;
				CLANG_WARN_DOCUMENTATION_COMMENTS = YES;
				CLANG_WARN_EMPTY_BODY = YES;
				CLANG_WARN_ENUM_CONVERSION = YES;
				CLANG_WARN_INFINITE_RECURSION = YES;
				CLANG_WARN_INT_CONVERSION = YES;
				CLANG_WARN_NON_LITERAL_NULL_CONVERSION = YES;
				CLANG_WARN_OBJC_IMPLICIT_RETAIN_SELF = YES;
				CLANG_WARN_OBJC_LITERAL_CONVERSION = YES;
				CLANG_WARN_OBJC_ROOT_CLASS = YES_ERROR;
				CLANG_WARN_QUOTED_INCLUDE_IN_FRAMEWORK_HEADER = YES;
				CLANG_WARN_RANGE_LOOP_ANALYSIS = YES;
				CLANG_WARN_STRICT_PROTOTYPES = YES;
				CLANG_WARN_SUSPICIOUS_MOVE = YES;
				CLANG_WARN_UNGUARDED_AVAILABILITY = YES_AGGRESSIVE;
				CLANG_WARN_UNREACHABLE_CODE = YES;
				CLANG_WARN__DUPLICATE_METHOD_MATCH = YES;
				COPY_PHASE_STRIP = NO;
				DEBUG_INFORMATION_FORMAT = dwarf;
				ENABLE_STRICT_OBJC_MSGSEND = YES;
				ENABLE_TESTABILITY = YES;
				ENABLE_USER_SCRIPT_SANDBOXING = YES;
				GCC_C_LANGUAGE_STANDARD = gnu17;
				GCC_DYNAMIC_NO_PIC = NO;
				GCC_NO_COMMON_BLOCKS = YES;
				GCC_OPTIMIZATION_LEVEL = 0;
				GCC_PREPROCESSOR_DEFINITIONS = (
					"DEBUG=1",
					"$(inherited)",
				);
				GCC_WARN_64_TO_32_BIT_CONVERSION = YES;
				GCC_WARN_ABOUT_RETURN_TYPE = YES_ERROR;
				GCC_WARN_UNDECLARED_SELECTOR = YES;
				GCC_WARN_UNINITIALIZED_AUTOS = YES_AGGRESSIVE;
				GCC_WARN_UNUSED_FUNCTION = YES;
				GCC_WARN_UNUSED_VARIABLE = YES;
				IPHONEOS_DEPLOYMENT_TARGET = 17.5;
				LOCALIZATION_PREFERS_STRING_CATALOGS = YES;
				MTL_ENABLE_DEBUG_INFO = INCLUDE_SOURCE;
				MTL_FAST_MATH = YES;
				ONLY_ACTIVE_ARCH = YES;
				SDKROOT = iphoneos;
				SWIFT_ACTIVE_COMPILATION_CONDITIONS = "DEBUG $(inherited)";
				SWIFT_OPTIMIZATION_LEVEL = "-Onone";
			};
			name = Debug;
		};
		356DAD852BF4FFCA008ECFB7 /* Release */ = {
			isa = XCBuildConfiguration;
			buildSettings = {
				ALWAYS_SEARCH_USER_PATHS = NO;
				ASSETCATALOG_COMPILER_GENERATE_SWIFT_ASSET_SYMBOL_EXTENSIONS = YES;
				CLANG_ANALYZER_NONNULL = YES;
				CLANG_ANALYZER_NUMBER_OBJECT_CONVERSION = YES_AGGRESSIVE;
				CLANG_CXX_LANGUAGE_STANDARD = "gnu++20";
				CLANG_ENABLE_MODULES = YES;
				CLANG_ENABLE_OBJC_ARC = YES;
				CLANG_ENABLE_OBJC_WEAK = YES;
				CLANG_WARN_BLOCK_CAPTURE_AUTORELEASING = YES;
				CLANG_WARN_BOOL_CONVERSION = YES;
				CLANG_WARN_COMMA = YES;
				CLANG_WARN_CONSTANT_CONVERSION = YES;
				CLANG_WARN_DEPRECATED_OBJC_IMPLEMENTATIONS = YES;
				CLANG_WARN_DIRECT_OBJC_ISA_USAGE = YES_ERROR;
				CLANG_WARN_DOCUMENTATION_COMMENTS = YES;
				CLANG_WARN_EMPTY_BODY = YES;
				CLANG_WARN_ENUM_CONVERSION = YES;
				CLANG_WARN_INFINITE_RECURSION = YES;
				CLANG_WARN_INT_CONVERSION = YES;
				CLANG_WARN_NON_LITERAL_NULL_CONVERSION = YES;
				CLANG_WARN_OBJC_IMPLICIT_RETAIN_SELF = YES;
				CLANG_WARN_OBJC_LITERAL_CONVERSION = YES;
				CLANG_WARN_OBJC_ROOT_CLASS = YES_ERROR;
				CLANG_WARN_QUOTED_INCLUDE_IN_FRAMEWORK_HEADER = YES;
				CLANG_WARN_RANGE_LOOP_ANALYSIS = YES;
				CLANG_WARN_STRICT_PROTOTYPES = YES;
				CLANG_WARN_SUSPICIOUS_MOVE = YES;
				CLANG_WARN_UNGUARDED_AVAILABILITY = YES_AGGRESSIVE;
				CLANG_WARN_UNREACHABLE_CODE = YES;
				CLANG_WARN__DUPLICATE_METHOD_MATCH = YES;
				COPY_PHASE_STRIP = NO;
				DEBUG_INFORMATION_FORMAT = "dwarf-with-dsym";
				ENABLE_NS_ASSERTIONS = NO;
				ENABLE_STRICT_OBJC_MSGSEND = YES;
				ENABLE_USER_SCRIPT_SANDBOXING = YES;
				GCC_C_LANGUAGE_STANDARD = gnu17;
				GCC_NO_COMMON_BLOCKS = YES;
				GCC_WARN_64_TO_32_BIT_CONVERSION = YES;
				GCC_WARN_ABOUT_RETURN_TYPE = YES_ERROR;
				GCC_WARN_UNDECLARED_SELECTOR = YES;
				GCC_WARN_UNINITIALIZED_AUTOS = YES_AGGRESSIVE;
				GCC_WARN_UNUSED_FUNCTION = YES;
				GCC_WARN_UNUSED_VARIABLE = YES;
				IPHONEOS_DEPLOYMENT_TARGET = 17.5;
				LOCALIZATION_PREFERS_STRING_CATALOGS = YES;
				MTL_ENABLE_DEBUG_INFO = NO;
				MTL_FAST_MATH = YES;
				SDKROOT = iphoneos;
				SWIFT_COMPILATION_MODE = wholemodule;
				VALIDATE_PRODUCT = YES;
			};
			name = Release;
		};
		356DAD872BF4FFCA008ECFB7 /* Debug */ = {
			isa = XCBuildConfiguration;
			buildSettings = {
				ASSETCATALOG_COMPILER_APPICON_NAME = AppIcon;
				ASSETCATALOG_COMPILER_GLOBAL_ACCENT_COLOR_NAME = AccentColor;
				CODE_SIGN_STYLE = Automatic;
				CURRENT_PROJECT_VERSION = 1;
				DEVELOPMENT_ASSET_PATHS = "\"Expense Tracker/Preview Content\"";
				DEVELOPMENT_TEAM = "";
				ENABLE_PREVIEWS = YES;
				GENERATE_INFOPLIST_FILE = YES;
				INFOPLIST_KEY_UIApplicationSceneManifest_Generation = YES;
				INFOPLIST_KEY_UIApplicationSupportsIndirectInputEvents = YES;
				INFOPLIST_KEY_UILaunchScreen_Generation = YES;
				INFOPLIST_KEY_UISupportedInterfaceOrientations_iPad = "UIInterfaceOrientationPortrait UIInterfaceOrientationPortraitUpsideDown UIInterfaceOrientationLandscapeLeft UIInterfaceOrientationLandscapeRight";
				INFOPLIST_KEY_UISupportedInterfaceOrientations_iPhone = "UIInterfaceOrientationPortrait UIInterfaceOrientationLandscapeLeft UIInterfaceOrientationLandscapeRight";
				IPHONEOS_DEPLOYMENT_TARGET = 16.0;
				LD_RUNPATH_SEARCH_PATHS = (
					"$(inherited)",
					"@executable_path/Frameworks",
				);
				MARKETING_VERSION = 1.0;
				PRODUCT_BUNDLE_IDENTIFIER = "iarche.Expense-Tracker";
				PRODUCT_NAME = "$(TARGET_NAME)";
				SWIFT_EMIT_LOC_STRINGS = YES;
				SWIFT_VERSION = 5.0;
				TARGETED_DEVICE_FAMILY = "1,2";
			};
			name = Debug;
		};
		356DAD882BF4FFCA008ECFB7 /* Release */ = {
			isa = XCBuildConfiguration;
			buildSettings = {
				ASSETCATALOG_COMPILER_APPICON_NAME = AppIcon;
				ASSETCATALOG_COMPILER_GLOBAL_ACCENT_COLOR_NAME = AccentColor;
				CODE_SIGN_STYLE = Automatic;
				CURRENT_PROJECT_VERSION = 1;
				DEVELOPMENT_ASSET_PATHS = "\"Expense Tracker/Preview Content\"";
				DEVELOPMENT_TEAM = "";
				ENABLE_PREVIEWS = YES;
				GENERATE_INFOPLIST_FILE = YES;
				INFOPLIST_KEY_UIApplicationSceneManifest_Generation = YES;
				INFOPLIST_KEY_UIApplicationSupportsIndirectInputEvents = YES;
				INFOPLIST_KEY_UILaunchScreen_Generation = YES;
				INFOPLIST_KEY_UISupportedInterfaceOrientations_iPad = "UIInterfaceOrientationPortrait UIInterfaceOrientationPortraitUpsideDown UIInterfaceOrientationLandscapeLeft UIInterfaceOrientationLandscapeRight";
				INFOPLIST_KEY_UISupportedInterfaceOrientations_iPhone = "UIInterfaceOrientationPortrait UIInterfaceOrientationLandscapeLeft UIInterfaceOrientationLandscapeRight";
				IPHONEOS_DEPLOYMENT_TARGET = 16.0;
				LD_RUNPATH_SEARCH_PATHS = (
					"$(inherited)",
					"@executable_path/Frameworks",
				);
				MARKETING_VERSION = 1.0;
				PRODUCT_BUNDLE_IDENTIFIER = "iarche.Expense-Tracker";
				PRODUCT_NAME = "$(TARGET_NAME)";
				SWIFT_EMIT_LOC_STRINGS = YES;
				SWIFT_VERSION = 5.0;
				TARGETED_DEVICE_FAMILY = "1,2";
			};
			name = Release;
		};
		356DAD8A2BF4FFCA008ECFB7 /* Debug */ = {
			isa = XCBuildConfiguration;
			buildSettings = {
				ALWAYS_EMBED_SWIFT_STANDARD_LIBRARIES = YES;
				BUNDLE_LOADER = "$(TEST_HOST)";
				CODE_SIGN_STYLE = Automatic;
				CURRENT_PROJECT_VERSION = 1;
				GENERATE_INFOPLIST_FILE = YES;
				IPHONEOS_DEPLOYMENT_TARGET = 17.5;
				MARKETING_VERSION = 1.0;
				PRODUCT_BUNDLE_IDENTIFIER = "iarche.Expense-TrackerTests";
				PRODUCT_NAME = "$(TARGET_NAME)";
				SWIFT_EMIT_LOC_STRINGS = NO;
				SWIFT_VERSION = 5.0;
				TARGETED_DEVICE_FAMILY = "1,2";
				TEST_HOST = "$(BUILT_PRODUCTS_DIR)/Expense Tracker.app/$(BUNDLE_EXECUTABLE_FOLDER_PATH)/Expense Tracker";
			};
			name = Debug;
		};
		356DAD8B2BF4FFCA008ECFB7 /* Release */ = {
			isa = XCBuildConfiguration;
			buildSettings = {
				ALWAYS_EMBED_SWIFT_STANDARD_LIBRARIES = YES;
				BUNDLE_LOADER = "$(TEST_HOST)";
				CODE_SIGN_STYLE = Automatic;
				CURRENT_PROJECT_VERSION = 1;
				GENERATE_INFOPLIST_FILE = YES;
				IPHONEOS_DEPLOYMENT_TARGET = 17.5;
				MARKETING_VERSION = 1.0;
				PRODUCT_BUNDLE_IDENTIFIER = "iarche.Expense-TrackerTests";
				PRODUCT_NAME = "$(TARGET_NAME)";
				SWIFT_EMIT_LOC_STRINGS = NO;
				SWIFT_VERSION = 5.0;
				TARGETED_DEVICE_FAMILY = "1,2";
				TEST_HOST = "$(BUILT_PRODUCTS_DIR)/Expense Tracker.app/$(BUNDLE_EXECUTABLE_FOLDER_PATH)/Expense Tracker";
			};
			name = Release;
		};
		356DAD8D2BF4FFCA008ECFB7 /* Debug */ = {
			isa = XCBuildConfiguration;
			buildSettings = {
				ALWAYS_EMBED_SWIFT_STANDARD_LIBRARIES = YES;
				CODE_SIGN_STYLE = Automatic;
				CURRENT_PROJECT_VERSION = 1;
				GENERATE_INFOPLIST_FILE = YES;
				MARKETING_VERSION = 1.0;
				PRODUCT_BUNDLE_IDENTIFIER = "iarche.Expense-TrackerUITests";
				PRODUCT_NAME = "$(TARGET_NAME)";
				SWIFT_EMIT_LOC_STRINGS = NO;
				SWIFT_VERSION = 5.0;
				TARGETED_DEVICE_FAMILY = "1,2";
				TEST_TARGET_NAME = "Expense Tracker";
			};
			name = Debug;
		};
		356DAD8E2BF4FFCA008ECFB7 /* Release */ = {
			isa = XCBuildConfiguration;
			buildSettings = {
				ALWAYS_EMBED_SWIFT_STANDARD_LIBRARIES = YES;
				CODE_SIGN_STYLE = Automatic;
				CURRENT_PROJECT_VERSION = 1;
				GENERATE_INFOPLIST_FILE = YES;
				MARKETING_VERSION = 1.0;
				PRODUCT_BUNDLE_IDENTIFIER = "iarche.Expense-TrackerUITests";
				PRODUCT_NAME = "$(TARGET_NAME)";
				SWIFT_EMIT_LOC_STRINGS = NO;
				SWIFT_VERSION = 5.0;
				TARGETED_DEVICE_FAMILY = "1,2";
				TEST_TARGET_NAME = "Expense Tracker";
			};
			name = Release;
		};
/* End XCBuildConfiguration section */

/* Begin XCConfigurationList section */
		356DAD5D2BF4FFC7008ECFB7 /* Build configuration list for PBXProject "Expense Tracker" */ = {
			isa = XCConfigurationList;
			buildConfigurations = (
				356DAD842BF4FFCA008ECFB7 /* Debug */,
				356DAD852BF4FFCA008ECFB7 /* Release */,
			);
			defaultConfigurationIsVisible = 0;
			defaultConfigurationName = Release;
		};
		356DAD862BF4FFCA008ECFB7 /* Build configuration list for PBXNativeTarget "Expense Tracker" */ = {
			isa = XCConfigurationList;
			buildConfigurations = (
				356DAD872BF4FFCA008ECFB7 /* Debug */,
				356DAD882BF4FFCA008ECFB7 /* Release */,
			);
			defaultConfigurationIsVisible = 0;
			defaultConfigurationName = Release;
		};
		356DAD892BF4FFCA008ECFB7 /* Build configuration list for PBXNativeTarget "Expense TrackerTests" */ = {
			isa = XCConfigurationList;
			buildConfigurations = (
				356DAD8A2BF4FFCA008ECFB7 /* Debug */,
				356DAD8B2BF4FFCA008ECFB7 /* Release */,
			);
			defaultConfigurationIsVisible = 0;
			defaultConfigurationName = Release;
		};
		356DAD8C2BF4FFCA008ECFB7 /* Build configuration list for PBXNativeTarget "Expense TrackerUITests" */ = {
			isa = XCConfigurationList;
			buildConfigurations = (
				356DAD8D2BF4FFCA008ECFB7 /* Debug */,
				356DAD8E2BF4FFCA008ECFB7 /* Release */,
			);
			defaultConfigurationIsVisible = 0;
			defaultConfigurationName = Release;
		};
/* End XCConfigurationList section */
	};
	rootObject = 356DAD5A2BF4FFC7008ECFB7 /* Project object */;
}
